
Microsoft Visual Studio Solution File, Format Version 12.00
# Visual Studio Version 16
VisualStudioVersion = 16.0.30413.136
MinimumVisualStudioVersion = 10.0.40219.1
Project("{9A19103F-16F7-4668-BE54-9A1E7A4F7556}") = "SnakeGame", "SnakeGame.csproj", "{AC93DB94-E44C-4110-B0F7-83454503E2F2}"
EndProject
Project("{9A19103F-16F7-4668-BE54-9A1E7A4F7556}") = "GameCore", "..\GameCore\GameCore.csproj", "{B99E50C1-EEF2-42DA-BC9D-CE499DF13307}"
EndProject
Global
	GlobalSection(SolutionConfigurationPlatforms) = preSolution
		Debug|Any CPU = Debug|Any CPU
		Release|Any CPU = Release|Any CPU
	EndGlobalSection
	GlobalSection(ProjectConfigurationPlatforms) = postSolution
		{AC93DB94-E44C-4110-B0F7-83454503E2F2}.Debug|Any CPU.ActiveCfg = Debug|Any CPU
		{AC93DB94-E44C-4110-B0F7-83454503E2F2}.Debug|Any CPU.Build.0 = Debug|Any CPU
		{AC93DB94-E44C-4110-B0F7-83454503E2F2}.Release|Any CPU.ActiveCfg = Release|Any CPU
		{AC93DB94-E44C-4110-B0F7-83454503E2F2}.Release|Any CPU.Build.0 = Release|Any CPU
		{B99E50C1-EEF2-42DA-BC9D-CE499DF13307}.Debug|Any CPU.ActiveCfg = Debug|Any CPU
		{B99E50C1-EEF2-42DA-BC9D-CE499DF13307}.Debug|Any CPU.Build.0 = Debug|Any CPU
		{B99E50C1-EEF2-42DA-BC9D-CE499DF13307}.Release|Any CPU.ActiveCfg = Release|Any CPU
		{B99E50C1-EEF2-42DA-BC9D-CE499DF13307}.Release|Any CPU.Build.0 = Release|Any CPU
	EndGlobalSection
	GlobalSection(SolutionProperties) = preSolution
		HideSolutionNode = FALSE
	EndGlobalSection
	GlobalSection(ExtensibilityGlobals) = postSolution
		SolutionGuid = {34FCB992-E141-49BD-AF1E-3AC079FC1366}
	EndGlobalSection
EndGlobal
